{
  "name": "skinet",
  "lockfileVersion": 2,
  "requires": true,
  "packages": {
    "": {
      "dependencies": {
        "@stripe/stripe-js": "^3.0.7"
      }
    },
    "node_modules/@stripe/stripe-js": {
      "version": "3.0.7",
      "resolved": "https://registry.npmjs.org/@stripe/stripe-js/-/stripe-js-3.0.7.tgz",
      "integrity": "sha512-qmjTsxnst84iWDsGqPxk5Wlff/fG4nSFjy/r24t9WWFAlCuvwnuUAe4eGgbqZBng019AtgWvo8wuhM3Y5/olbw==",
      "engines": {
        "node": ">=12.16"
      }
    }
  },
  "dependencies": {
    "@stripe/stripe-js": {
      "version": "3.0.7",
      "resolved": "https://registry.npmjs.org/@stripe/stripe-js/-/stripe-js-3.0.7.tgz",
      "integrity": "sha512-qmjTsxnst84iWDsGqPxk5Wlff/fG4nSFjy/r24t9WWFAlCuvwnuUAe4eGgbqZBng019AtgWvo8wuhM3Y5/olbw=="
    }
  }
}
