
Microsoft Visual Studio Solution File, Format Version 12.00
# Visual Studio Version 17
VisualStudioVersion = 17.0.31903.59
MinimumVisualStudioVersion = 10.0.40219.1
Project("{FAE04EC0-301F-11D3-BF4B-00C04F79EFBC}") = "API", "API\API.csproj", "{095042D8-A964-48D3-B603-FBA5BCBC1337}"
EndProject
Project("{FAE04EC0-301F-11D3-BF4B-00C04F79EFBC}") = "Core", "Core\Core.csproj", "{CBB2AF80-A6E8-4082-B676-638289B22D27}"
EndProject
Project("{FAE04EC0-301F-11D3-BF4B-00C04F79EFBC}") = "Infrastructure", "Infrastructure\Infrastructure.csproj", "{49053B81-11DF-4B6A-8E44-A2A9B9158684}"
EndProject
Global
	GlobalSection(SolutionConfigurationPlatforms) = preSolution
		Debug|Any CPU = Debug|Any CPU
		Release|Any CPU = Release|Any CPU
	EndGlobalSection
	GlobalSection(SolutionProperties) = preSolution
		HideSolutionNode = FALSE
	EndGlobalSection
	GlobalSection(ProjectConfigurationPlatforms) = postSolution
		{095042D8-A964-48D3-B603-FBA5BCBC1337}.Debug|Any CPU.ActiveCfg = Debug|Any CPU
		{095042D8-A964-48D3-B603-FBA5BCBC1337}.Debug|Any CPU.Build.0 = Debug|Any CPU
		{095042D8-A964-48D3-B603-FBA5BCBC1337}.Release|Any CPU.ActiveCfg = Release|Any CPU
		{095042D8-A964-48D3-B603-FBA5BCBC1337}.Release|Any CPU.Build.0 = Release|Any CPU
		{CBB2AF80-A6E8-4082-B676-638289B22D27}.Debug|Any CPU.ActiveCfg = Debug|Any CPU
		{CBB2AF80-A6E8-4082-B676-638289B22D27}.Debug|Any CPU.Build.0 = Debug|Any CPU
		{CBB2AF80-A6E8-4082-B676-638289B22D27}.Release|Any CPU.ActiveCfg = Release|Any CPU
		{CBB2AF80-A6E8-4082-B676-638289B22D27}.Release|Any CPU.Build.0 = Release|Any CPU
		{49053B81-11DF-4B6A-8E44-A2A9B9158684}.Debug|Any CPU.ActiveCfg = Debug|Any CPU
		{49053B81-11DF-4B6A-8E44-A2A9B9158684}.Debug|Any CPU.Build.0 = Debug|Any CPU
		{49053B81-11DF-4B6A-8E44-A2A9B9158684}.Release|Any CPU.ActiveCfg = Release|Any CPU
		{49053B81-11DF-4B6A-8E44-A2A9B9158684}.Release|Any CPU.Build.0 = Release|Any CPU
	EndGlobalSection
EndGlobal
